{
  "version": 4,
  "terraform_version": "1.0.11",
  "serial": 398,
  "lineage": "8a89bf62-2869-2c64-c9c9-f83b277150d7",
  "outputs": {},
  "resources": [
    {
      "module": "module.s3",
      "mode": "managed",
      "type": "aws_s3_bucket",
      "name": "s3",
      "provider": "provider[\"registry.terraform.io/hashicorp/aws\"]",
      "instances": [
        {
          "schema_version": 0,
          "attributes": {
            "acceleration_status": "",
            "acl": null,
            "arn": "arn:aws:s3:::sujae-dev-terraform-bucket",
            "bucket": "sujae-dev-terraform-bucket",
            "bucket_domain_name": "sujae-dev-terraform-bucket.s3.amazonaws.com",
            "bucket_prefix": null,
            "bucket_regional_domain_name": "sujae-dev-terraform-bucket.s3.ap-northeast-1.amazonaws.com",
            "cors_rule": [],
            "force_destroy": false,
            "grant": [
              {
                "id": "674d7aa49d202ecc2f3ef6fe43069bd5f65c12d1dbe5adb60d913cc818550aff",
                "permissions": [
                  "FULL_CONTROL"
                ],
                "type": "CanonicalUser",
                "uri": ""
              }
            ],
            "hosted_zone_id": "Z2M4EHUR26P7ZW",
            "id": "sujae-dev-terraform-bucket",
            "lifecycle_rule": [
              {
                "abort_incomplete_multipart_upload_days": 0,
                "enabled": true,
                "expiration": [
                  {
                    "date": "",
                    "days": 180,
                    "expired_object_delete_marker": false
                  }
                ],
                "id": "img",
                "noncurrent_version_expiration": [],
                "noncurrent_version_transition": [],
                "prefix": "image/",
                "tags": {},
                "transition": []
              }
            ],
            "logging": [],
            "object_lock_configuration": [],
            "object_lock_enabled": false,
            "policy": "{\"Version\":\"2012-10-17\",\"Statement\":[{\"Sid\":\"allow-access-from-endpoint\",\"Effect\":\"Allow\",\"Principal\":{\"AWS\":\"*\"},\"Action\":\"s3:*\",\"Resource\":[\"arn:aws:s3:::sujae-dev-terraform-bucket/*\",\"arn:aws:s3:::sujae-dev-terraform-bucket\"],\"Condition\":{\"StringEquals\":{\"aws:SourceVpce\":\"vpce-0e581952d4e4c73a9\"}}}]}",
            "region": "ap-northeast-1",
            "replication_configuration": [],
            "request_payer": "BucketOwner",
            "server_side_encryption_configuration": [],
            "tags": {},
            "tags_all": {},
            "versioning": [
              {
                "enabled": false,
                "mfa_delete": false
              }
            ],
            "website": [],
            "website_domain": null,
            "website_endpoint": null
          },
          "sensitive_attributes": [],
          "private": "bnVsbA=="
        }
      ]
    }
  ]
}
